
Microsoft Visual Studio Solution File, Format Version 12.00
# Visual Studio 15
VisualStudioVersion = 15.0.28307.2017
MinimumVisualStudioVersion = 10.0.40219.1
Project("{FAE04EC0-301F-11D3-BF4B-00C04F79EFBC}") = "InventarioComputo", "InventarioComputo\InventarioComputo.csproj", "{49402EC6-A183-4B9A-B1BD-EE34DB8A8FEB}"
EndProject
Global
	GlobalSection(SolutionConfigurationPlatforms) = preSolution
		Debug|Any CPU = Debug|Any CPU
		Release|Any CPU = Release|Any CPU
	EndGlobalSection
	GlobalSection(ProjectConfigurationPlatforms) = postSolution
		{49402EC6-A183-4B9A-B1BD-EE34DB8A8FEB}.Debug|Any CPU.ActiveCfg = Debug|Any CPU
		{49402EC6-A183-4B9A-B1BD-EE34DB8A8FEB}.Debug|Any CPU.Build.0 = Debug|Any CPU
		{49402EC6-A183-4B9A-B1BD-EE34DB8A8FEB}.Release|Any CPU.ActiveCfg = Release|Any CPU
		{49402EC6-A183-4B9A-B1BD-EE34DB8A8FEB}.Release|Any CPU.Build.0 = Release|Any CPU
	EndGlobalSection
	GlobalSection(SolutionProperties) = preSolution
		HideSolutionNode = FALSE
	EndGlobalSection
	GlobalSection(ExtensibilityGlobals) = postSolution
		SolutionGuid = {1430E569-B528-4D4A-A66B-433B914E70B1}
	EndGlobalSection
EndGlobal
