
Microsoft Visual Studio Solution File, Format Version 12.00
# Visual Studio 15
VisualStudioVersion = 15.0.28307.2017
MinimumVisualStudioVersion = 10.0.40219.1
Project("{FAE04EC0-301F-11D3-BF4B-00C04F79EFBC}") = "InventarioComputo.Web", "InventarioComputo\InventarioComputo.Web.csproj", "{49402EC6-A183-4B9A-B1BD-EE34DB8A8FEB}"
EndProject
Project("{FAE04EC0-301F-11D3-BF4B-00C04F79EFBC}") = "InventarioComputo.WebAdmin", "InventarioComputo.WebAdmin\InventarioComputo.WebAdmin.csproj", "{3B4CD357-DC0B-4BFF-A883-C21E52DC56A9}"
EndProject
Project("{FAE04EC0-301F-11D3-BF4B-00C04F79EFBC}") = "InventarioComputo.Win", "InventarioComputo.Win\InventarioComputo.Win.csproj", "{C3862FEC-1201-4386-901B-B254853D47B1}"
EndProject
Project("{FAE04EC0-301F-11D3-BF4B-00C04F79EFBC}") = "InventarioComputo.BL", "InventarioComputo.BL\InventarioComputo.BL.csproj", "{FF02076B-6CCF-406C-A7AE-FE710E548EBD}"
EndProject
Global
	GlobalSection(SolutionConfigurationPlatforms) = preSolution
		Debug|Any CPU = Debug|Any CPU
		Release|Any CPU = Release|Any CPU
	EndGlobalSection
	GlobalSection(ProjectConfigurationPlatforms) = postSolution
		{49402EC6-A183-4B9A-B1BD-EE34DB8A8FEB}.Debug|Any CPU.ActiveCfg = Debug|Any CPU
		{49402EC6-A183-4B9A-B1BD-EE34DB8A8FEB}.Debug|Any CPU.Build.0 = Debug|Any CPU
		{49402EC6-A183-4B9A-B1BD-EE34DB8A8FEB}.Release|Any CPU.ActiveCfg = Release|Any CPU
		{49402EC6-A183-4B9A-B1BD-EE34DB8A8FEB}.Release|Any CPU.Build.0 = Release|Any CPU
		{3B4CD357-DC0B-4BFF-A883-C21E52DC56A9}.Debug|Any CPU.ActiveCfg = Debug|Any CPU
		{3B4CD357-DC0B-4BFF-A883-C21E52DC56A9}.Debug|Any CPU.Build.0 = Debug|Any CPU
		{3B4CD357-DC0B-4BFF-A883-C21E52DC56A9}.Release|Any CPU.ActiveCfg = Release|Any CPU
		{3B4CD357-DC0B-4BFF-A883-C21E52DC56A9}.Release|Any CPU.Build.0 = Release|Any CPU
		{C3862FEC-1201-4386-901B-B254853D47B1}.Debug|Any CPU.ActiveCfg = Debug|Any CPU
		{C3862FEC-1201-4386-901B-B254853D47B1}.Debug|Any CPU.Build.0 = Debug|Any CPU
		{C3862FEC-1201-4386-901B-B254853D47B1}.Release|Any CPU.ActiveCfg = Release|Any CPU
		{C3862FEC-1201-4386-901B-B254853D47B1}.Release|Any CPU.Build.0 = Release|Any CPU
		{FF02076B-6CCF-406C-A7AE-FE710E548EBD}.Debug|Any CPU.ActiveCfg = Debug|Any CPU
		{FF02076B-6CCF-406C-A7AE-FE710E548EBD}.Debug|Any CPU.Build.0 = Debug|Any CPU
		{FF02076B-6CCF-406C-A7AE-FE710E548EBD}.Release|Any CPU.ActiveCfg = Release|Any CPU
		{FF02076B-6CCF-406C-A7AE-FE710E548EBD}.Release|Any CPU.Build.0 = Release|Any CPU
	EndGlobalSection
	GlobalSection(SolutionProperties) = preSolution
		HideSolutionNode = FALSE
	EndGlobalSection
	GlobalSection(ExtensibilityGlobals) = postSolution
		SolutionGuid = {1430E569-B528-4D4A-A66B-433B914E70B1}
	EndGlobalSection
EndGlobal
